
Microsoft Visual Studio Solution File, Format Version 12.00
# Visual Studio Version 17
VisualStudioVersion = 17.12.35707.178
MinimumVisualStudioVersion = 10.0.40219.1
Project("{FAE04EC0-301F-11D3-BF4B-00C04F79EFBC}") = "Menu_1", "Menu_1\Menu_1.csproj", "{47E2ABEC-DD8C-4A94-B629-5DBF489AE98F}"
EndProject
Project("{FAE04EC0-301F-11D3-BF4B-00C04F79EFBC}") = "FormsFractales", "FrmFractal01\FormsFractales.csproj", "{C7CDF8DE-FC85-4387-AE01-C66419EF970D}"
EndProject
Project("{FAE04EC0-301F-11D3-BF4B-00C04F79EFBC}") = "FormsMenu", "FormsMenu\FormsMenu.csproj", "{0B909032-AE5B-4E4E-9B5C-2DFFEAB5E570}"
EndProject
Project("{FAE04EC0-301F-11D3-BF4B-00C04F79EFBC}") = "FormsGraficos", "FormsGraficos\FormsGraficos.csproj", "{8758073A-39F1-4C8B-B78E-529636644121}"
EndProject
Global
	GlobalSection(SolutionConfigurationPlatforms) = preSolution
		Debug|Any CPU = Debug|Any CPU
		Release|Any CPU = Release|Any CPU
	EndGlobalSection
	GlobalSection(ProjectConfigurationPlatforms) = postSolution
		{47E2ABEC-DD8C-4A94-B629-5DBF489AE98F}.Debug|Any CPU.ActiveCfg = Debug|Any CPU
		{47E2ABEC-DD8C-4A94-B629-5DBF489AE98F}.Debug|Any CPU.Build.0 = Debug|Any CPU
		{47E2ABEC-DD8C-4A94-B629-5DBF489AE98F}.Release|Any CPU.ActiveCfg = Release|Any CPU
		{47E2ABEC-DD8C-4A94-B629-5DBF489AE98F}.Release|Any CPU.Build.0 = Release|Any CPU
		{C7CDF8DE-FC85-4387-AE01-C66419EF970D}.Debug|Any CPU.ActiveCfg = Debug|Any CPU
		{C7CDF8DE-FC85-4387-AE01-C66419EF970D}.Debug|Any CPU.Build.0 = Debug|Any CPU
		{C7CDF8DE-FC85-4387-AE01-C66419EF970D}.Release|Any CPU.ActiveCfg = Release|Any CPU
		{C7CDF8DE-FC85-4387-AE01-C66419EF970D}.Release|Any CPU.Build.0 = Release|Any CPU
		{0B909032-AE5B-4E4E-9B5C-2DFFEAB5E570}.Debug|Any CPU.ActiveCfg = Debug|Any CPU
		{0B909032-AE5B-4E4E-9B5C-2DFFEAB5E570}.Debug|Any CPU.Build.0 = Debug|Any CPU
		{0B909032-AE5B-4E4E-9B5C-2DFFEAB5E570}.Release|Any CPU.ActiveCfg = Release|Any CPU
		{0B909032-AE5B-4E4E-9B5C-2DFFEAB5E570}.Release|Any CPU.Build.0 = Release|Any CPU
		{8758073A-39F1-4C8B-B78E-529636644121}.Debug|Any CPU.ActiveCfg = Debug|Any CPU
		{8758073A-39F1-4C8B-B78E-529636644121}.Debug|Any CPU.Build.0 = Debug|Any CPU
		{8758073A-39F1-4C8B-B78E-529636644121}.Release|Any CPU.ActiveCfg = Release|Any CPU
		{8758073A-39F1-4C8B-B78E-529636644121}.Release|Any CPU.Build.0 = Release|Any CPU
	EndGlobalSection
	GlobalSection(SolutionProperties) = preSolution
		HideSolutionNode = FALSE
	EndGlobalSection
	GlobalSection(ExtensibilityGlobals) = postSolution
		SolutionGuid = {9FF9C704-AB19-4D2C-95BC-2D5B01B90C35}
	EndGlobalSection
EndGlobal
